
Microsoft Visual Studio Solution File, Format Version 12.00
# Visual Studio Version 16
VisualStudioVersion = 16.0.31624.102
MinimumVisualStudioVersion = 10.0.40219.1
Project("{8BC9CEB8-8B4A-11D0-8D11-00A0C91BC942}") = "60cmasmas", "60cmasmas\60cmasmas.vcxproj", "{96AD7205-3995-407B-9222-75153434F29F}"
EndProject
Global
	GlobalSection(SolutionConfigurationPlatforms) = preSolution
		Debug|x64 = Debug|x64
		Debug|x86 = Debug|x86
		Release|x64 = Release|x64
		Release|x86 = Release|x86
	EndGlobalSection
	GlobalSection(ProjectConfigurationPlatforms) = postSolution
		{96AD7205-3995-407B-9222-75153434F29F}.Debug|x64.ActiveCfg = Debug|x64
		{96AD7205-3995-407B-9222-75153434F29F}.Debug|x64.Build.0 = Debug|x64
		{96AD7205-3995-407B-9222-75153434F29F}.Debug|x86.ActiveCfg = Debug|Win32
		{96AD7205-3995-407B-9222-75153434F29F}.Debug|x86.Build.0 = Debug|Win32
		{96AD7205-3995-407B-9222-75153434F29F}.Release|x64.ActiveCfg = Release|x64
		{96AD7205-3995-407B-9222-75153434F29F}.Release|x64.Build.0 = Release|x64
		{96AD7205-3995-407B-9222-75153434F29F}.Release|x86.ActiveCfg = Release|Win32
		{96AD7205-3995-407B-9222-75153434F29F}.Release|x86.Build.0 = Release|Win32
	EndGlobalSection
	GlobalSection(SolutionProperties) = preSolution
		HideSolutionNode = FALSE
	EndGlobalSection
	GlobalSection(ExtensibilityGlobals) = postSolution
		SolutionGuid = {F62DD96B-66DD-440F-A032-777C2B97EF2E}
	EndGlobalSection
EndGlobal
